
Microsoft Visual Studio Solution File, Format Version 12.00
# Visual Studio Version 16
VisualStudioVersion = 16.0.30717.126
MinimumVisualStudioVersion = 10.0.40219.1
Project("{FAE04EC0-301F-11D3-BF4B-00C04F79EFBC}") = "ModelBindAndDbCode1", "ModelBindAndDbCode1\ModelBindAndDbCode1.csproj", "{ED40B530-A2B2-4AF8-9A4C-1DE9B6146EB0}"
EndProject
Global
	GlobalSection(SolutionConfigurationPlatforms) = preSolution
		Debug|Any CPU = Debug|Any CPU
		Release|Any CPU = Release|Any CPU
	EndGlobalSection
	GlobalSection(ProjectConfigurationPlatforms) = postSolution
		{ED40B530-A2B2-4AF8-9A4C-1DE9B6146EB0}.Debug|Any CPU.ActiveCfg = Debug|Any CPU
		{ED40B530-A2B2-4AF8-9A4C-1DE9B6146EB0}.Debug|Any CPU.Build.0 = Debug|Any CPU
		{ED40B530-A2B2-4AF8-9A4C-1DE9B6146EB0}.Release|Any CPU.ActiveCfg = Release|Any CPU
		{ED40B530-A2B2-4AF8-9A4C-1DE9B6146EB0}.Release|Any CPU.Build.0 = Release|Any CPU
	EndGlobalSection
	GlobalSection(SolutionProperties) = preSolution
		HideSolutionNode = FALSE
	EndGlobalSection
	GlobalSection(ExtensibilityGlobals) = postSolution
		SolutionGuid = {C11D646A-E3C9-439F-A5D8-5009D8CE9845}
	EndGlobalSection
EndGlobal
